
Microsoft Visual Studio Solution File, Format Version 12.00
# Visual Studio Version 16
VisualStudioVersion = 16.0.30413.136
MinimumVisualStudioVersion = 10.0.40219.1
Project("{FAE04EC0-301F-11D3-BF4B-00C04F79EFBC}") = "ML", "ML\ML.csproj", "{634E0295-FA9B-41F0-B056-D736949FB1F5}"
EndProject
Project("{FAE04EC0-301F-11D3-BF4B-00C04F79EFBC}") = "DL", "DL\DL.csproj", "{6B193C59-B4CB-4316-8147-796B0A0351AD}"
EndProject
Project("{FAE04EC0-301F-11D3-BF4B-00C04F79EFBC}") = "BL", "BL\BL.csproj", "{E40E6487-C184-4A13-B19C-8BCA85323505}"
EndProject
Project("{FAE04EC0-301F-11D3-BF4B-00C04F79EFBC}") = "PL", "PL\PL.csproj", "{D27BE2CA-8E70-4707-B8A0-AEDD9981D770}"
EndProject
Project("{FAE04EC0-301F-11D3-BF4B-00C04F79EFBC}") = "SL_WebApi", "SL_WebApi\SL_WebApi.csproj", "{142B6700-5679-45FD-B4ED-030ABA17C8CA}"
EndProject
Global
	GlobalSection(SolutionConfigurationPlatforms) = preSolution
		Debug|Any CPU = Debug|Any CPU
		Release|Any CPU = Release|Any CPU
	EndGlobalSection
	GlobalSection(ProjectConfigurationPlatforms) = postSolution
		{634E0295-FA9B-41F0-B056-D736949FB1F5}.Debug|Any CPU.ActiveCfg = Debug|Any CPU
		{634E0295-FA9B-41F0-B056-D736949FB1F5}.Debug|Any CPU.Build.0 = Debug|Any CPU
		{634E0295-FA9B-41F0-B056-D736949FB1F5}.Release|Any CPU.ActiveCfg = Release|Any CPU
		{634E0295-FA9B-41F0-B056-D736949FB1F5}.Release|Any CPU.Build.0 = Release|Any CPU
		{6B193C59-B4CB-4316-8147-796B0A0351AD}.Debug|Any CPU.ActiveCfg = Debug|Any CPU
		{6B193C59-B4CB-4316-8147-796B0A0351AD}.Debug|Any CPU.Build.0 = Debug|Any CPU
		{6B193C59-B4CB-4316-8147-796B0A0351AD}.Release|Any CPU.ActiveCfg = Release|Any CPU
		{6B193C59-B4CB-4316-8147-796B0A0351AD}.Release|Any CPU.Build.0 = Release|Any CPU
		{E40E6487-C184-4A13-B19C-8BCA85323505}.Debug|Any CPU.ActiveCfg = Debug|Any CPU
		{E40E6487-C184-4A13-B19C-8BCA85323505}.Debug|Any CPU.Build.0 = Debug|Any CPU
		{E40E6487-C184-4A13-B19C-8BCA85323505}.Release|Any CPU.ActiveCfg = Release|Any CPU
		{E40E6487-C184-4A13-B19C-8BCA85323505}.Release|Any CPU.Build.0 = Release|Any CPU
		{D27BE2CA-8E70-4707-B8A0-AEDD9981D770}.Debug|Any CPU.ActiveCfg = Debug|Any CPU
		{D27BE2CA-8E70-4707-B8A0-AEDD9981D770}.Debug|Any CPU.Build.0 = Debug|Any CPU
		{D27BE2CA-8E70-4707-B8A0-AEDD9981D770}.Release|Any CPU.ActiveCfg = Release|Any CPU
		{D27BE2CA-8E70-4707-B8A0-AEDD9981D770}.Release|Any CPU.Build.0 = Release|Any CPU
		{142B6700-5679-45FD-B4ED-030ABA17C8CA}.Debug|Any CPU.ActiveCfg = Debug|Any CPU
		{142B6700-5679-45FD-B4ED-030ABA17C8CA}.Debug|Any CPU.Build.0 = Debug|Any CPU
		{142B6700-5679-45FD-B4ED-030ABA17C8CA}.Release|Any CPU.ActiveCfg = Release|Any CPU
		{142B6700-5679-45FD-B4ED-030ABA17C8CA}.Release|Any CPU.Build.0 = Release|Any CPU
	EndGlobalSection
	GlobalSection(SolutionProperties) = preSolution
		HideSolutionNode = FALSE
	EndGlobalSection
	GlobalSection(ExtensibilityGlobals) = postSolution
		SolutionGuid = {CF0E3A0C-1C5F-4FDE-996C-E53B92EAC4D3}
	EndGlobalSection
EndGlobal
